// !$*UTF8*$!
{
	archiveVersion = 1;
	classes = {
	};
	objectVersion = 46;
	objects = {

/* Begin PBXBuildFile section */
		A1A58A6F1C08C21600111526 /* AppDelegate.swift in Sources */ = {isa = PBXBuildFile; fileRef = A1A58A6E1C08C21600111526 /* AppDelegate.swift */; };
		A1A58A711C08C21600111526 /* ViewController.swift in Sources */ = {isa = PBXBuildFile; fileRef = A1A58A701C08C21600111526 /* ViewController.swift */; };
		A1A58A741C08C21600111526 /* Main.storyboard in Resources */ = {isa = PBXBuildFile; fileRef = A1A58A721C08C21600111526 /* Main.storyboard */; };
		A1A58A761C08C21600111526 /* Assets.xcassets in Resources */ = {isa = PBXBuildFile; fileRef = A1A58A751C08C21600111526 /* Assets.xcassets */; };
		A1A58A791C08C21600111526 /* LaunchScreen.storyboard in Resources */ = {isa = PBXBuildFile; fileRef = A1A58A771C08C21600111526 /* LaunchScreen.storyboard */; };
/* End PBXBuildFile section */

/* Begin PBXFileReference section */
		A1A58A6B1C08C21600111526 /* MeMe.app */ = {isa = PBXFileReference; explicitFileType = wrapper.application; includeInIndex = 0; path = MeMe.app; sourceTree = BUILT_PRODUCTS_DIR; };
		A1A58A6E1C08C21600111526 /* AppDelegate.swift */ = {isa = PBXFileReference; lastKnownFileType = sourcecode.swift; name = AppDelegate.swift; path = MeMe/AppDelegate.swift; sourceTree = "<group>"; };
		A1A58A701C08C21600111526 /* ViewController.swift */ = {isa = PBXFileReference; lastKnownFileType = sourcecode.swift; path = ViewController.swift; sourceTree = "<group>"; };
		A1A58A731C08C21600111526 /* Base */ = {isa = PBXFileReference; lastKnownFileType = file.storyboard; name = Base; path = Base.lproj/Main.storyboard; sourceTree = "<group>"; };
		A1A58A751C08C21600111526 /* Assets.xcassets */ = {isa = PBXFileReference; lastKnownFileType = folder.assetcatalog; name = Assets.xcassets; path = MeMe/Assets.xcassets; sourceTree = "<group>"; };
		A1A58A781C08C21600111526 /* Base */ = {isa = PBXFileReference; lastKnownFileType = file.storyboard; name = Base; path = Base.lproj/LaunchScreen.storyboard; sourceTree = "<group>"; };
		A1A58A7A1C08C21600111526 /* Info.plist */ = {isa = PBXFileReference; lastKnownFileType = text.plist.xml; name = Info.plist; path = MeMe/Info.plist; sourceTree = "<group>"; };
/* End PBXFileReference section */

/* Begin PBXFrameworksBuildPhase section */
		A1A58A681C08C21600111526 /* Frameworks */ = {
			isa = PBXFrameworksBuildPhase;
			buildActionMask = 2147483647;
			files = (
			);
			runOnlyForDeploymentPostprocessing = 0;
		};
/* End PBXFrameworksBuildPhase section */

/* Begin PBXGroup section */
		A1A58A621C08C21600111526 = {
			isa = PBXGroup;
			children = (
				A1A58A801C08C2A200111526 /* SupportingFiles */,
				A1A58A6D1C08C21600111526 /* MeMe */,
				A1A58A6C1C08C21600111526 /* Products */,
			);
			sourceTree = "<group>";
		};
		A1A58A6C1C08C21600111526 /* Products */ = {
			isa = PBXGroup;
			children = (
				A1A58A6B1C08C21600111526 /* MeMe.app */,
			);
			name = Products;
			sourceTree = "<group>";
		};
		A1A58A6D1C08C21600111526 /* MeMe */ = {
			isa = PBXGroup;
			children = (
				A1A58A701C08C21600111526 /* ViewController.swift */,
				A1A58A721C08C21600111526 /* Main.storyboard */,
			);
			path = MeMe;
			sourceTree = "<group>";
		};
		A1A58A801C08C2A200111526 /* SupportingFiles */ = {
			isa = PBXGroup;
			children = (
				A1A58A751C08C21600111526 /* Assets.xcassets */,
				A1A58A6E1C08C21600111526 /* AppDelegate.swift */,
				A1A58A771C08C21600111526 /* LaunchScreen.storyboard */,
				A1A58A7A1C08C21600111526 /* Info.plist */,
			);
			name = SupportingFiles;
			sourceTree = "<group>";
		};
/* End PBXGroup section */

/* Begin PBXNativeTarget section */
		A1A58A6A1C08C21600111526 /* MeMe */ = {
			isa = PBXNativeTarget;
			buildConfigurationList = A1A58A7D1C08C21600111526 /* Build configuration list for PBXNativeTarget "MeMe" */;
			buildPhases = (
				A1A58A671C08C21600111526 /* Sources */,
				A1A58A681C08C21600111526 /* Frameworks */,
				A1A58A691C08C21600111526 /* Resources */,
			);
			buildRules = (
			);
			dependencies = (
			);
			name = MeMe;
			productName = MeMe;
			productReference = A1A58A6B1C08C21600111526 /* MeMe.app */;
			productType = "com.apple.product-type.application";
		};
/* End PBXNativeTarget section */

/* Begin PBXProject section */
		A1A58A631C08C21600111526 /* Project object */ = {
			isa = PBXProject;
			attributes = {
				LastSwiftUpdateCheck = 0710;
				LastUpgradeCheck = 0710;
				ORGANIZATIONNAME = "Tanveer Bashir";
				TargetAttributes = {
					A1A58A6A1C08C21600111526 = {
						CreatedOnToolsVersion = 7.1.1;
					};
				};
			};
			buildConfigurationList = A1A58A661C08C21600111526 /* Build configuration list for PBXProject "MeMe" */;
			compatibilityVersion = "Xcode 3.2";
			developmentRegion = English;
			hasScannedForEncodings = 0;
			knownRegions = (
				en,
				Base,
			);
			mainGroup = A1A58A621C08C21600111526;
			productRefGroup = A1A58A6C1C08C21600111526 /* Products */;
			projectDirPath = "";
			projectRoot = "";
			targets = (
				A1A58A6A1C08C21600111526 /* MeMe */,
			);
		};
/* End PBXProject section */

/* Begin PBXResourcesBuildPhase section */
		A1A58A691C08C21600111526 /* Resources */ = {
			isa = PBXResourcesBuildPhase;
			buildActionMask = 2147483647;
			files = (
				A1A58A791C08C21600111526 /* LaunchScreen.storyboard in Resources */,
				A1A58A761C08C21600111526 /* Assets.xcassets in Resources */,
				A1A58A741C08C21600111526 /* Main.storyboard in Resources */,
			);
			runOnlyForDeploymentPostprocessing = 0;
		};
/* End PBXResourcesBuildPhase section */

/* Begin PBXSourcesBuildPhase section */
		A1A58A671C08C21600111526 /* Sources */ = {
			isa = PBXSourcesBuildPhase;
			buildActionMask = 2147483647;
			files = (
				A1A58A711C08C21600111526 /* ViewController.swift in Sources */,
				A1A58A6F1C08C21600111526 /* AppDelegate.swift in Sources */,
			);
			runOnlyForDeploymentPostprocessing = 0;
		};
/* End PBXSourcesBuildPhase section */

/* Begin PBXVariantGroup section */
		A1A58A721C08C21600111526 /* Main.storyboard */ = {
			isa = PBXVariantGroup;
			children = (
				A1A58A731C08C21600111526 /* Base */,
			);
			name = Main.storyboard;
			sourceTree = "<group>";
		};
		A1A58A771C08C21600111526 /* LaunchScreen.storyboard */ = {
			isa = PBXVariantGroup;
			children = (
				A1A58A781C08C21600111526 /* Base */,
			);
			name = LaunchScreen.storyboard;
			path = MeMe;
			sourceTree = "<group>";
		};
/* End PBXVariantGroup section */

/* Begin XCBuildConfiguration section */
		A1A58A7B1C08C21600111526 /* Debug */ = {
			isa = XCBuildConfiguration;
			buildSettings = {
				ALWAYS_SEARCH_USER_PATHS = NO;
				CLANG_CXX_LANGUAGE_STANDARD = "gnu++0x";
				CLANG_CXX_LIBRARY = "libc++";
				CLANG_ENABLE_MODULES = YES;
				CLANG_ENABLE_OBJC_ARC = YES;
				CLANG_WARN_BOOL_CONVERSION = YES;
				CLANG_WARN_CONSTANT_CONVERSION = YES;
				CLANG_WARN_DIRECT_OBJC_ISA_USAGE = YES_ERROR;
				CLANG_WARN_EMPTY_BODY = YES;
				CLANG_WARN_ENUM_CONVERSION = YES;
				CLANG_WARN_INT_CONVERSION = YES;
				CLANG_WARN_OBJC_ROOT_CLASS = YES_ERROR;
				CLANG_WARN_UNREACHABLE_CODE = YES;
				CLANG_WARN__DUPLICATE_METHOD_MATCH = YES;
				"CODE_SIGN_IDENTITY[sdk=iphoneos*]" = "iPhone Developer";
				COPY_PHASE_STRIP = NO;
				DEBUG_INFORMATION_FORMAT = dwarf;
				ENABLE_STRICT_OBJC_MSGSEND = YES;
				ENABLE_TESTABILITY = YES;
				GCC_C_LANGUAGE_STANDARD = gnu99;
				GCC_DYNAMIC_NO_PIC = NO;
				GCC_NO_COMMON_BLOCKS = YES;
				GCC_OPTIMIZATION_LEVEL = 0;
				GCC_PREPROCESSOR_DEFINITIONS = (
					"DEBUG=1",
					"$(inherited)",
				);
				GCC_WARN_64_TO_32_BIT_CONVERSION = YES;
				GCC_WARN_ABOUT_RETURN_TYPE = YES_ERROR;
				GCC_WARN_UNDECLARED_SELECTOR = YES;
				GCC_WARN_UNINITIALIZED_AUTOS = YES_AGGRESSIVE;
				GCC_WARN_UNUSED_FUNCTION = YES;
				GCC_WARN_UNUSED_VARIABLE = YES;
				IPHONEOS_DEPLOYMENT_TARGET = 9.1;
				MTL_ENABLE_DEBUG_INFO = YES;
				ONLY_ACTIVE_ARCH = YES;
				SDKROOT = iphoneos;
				SWIFT_OPTIMIZATION_LEVEL = "-Onone";
			};
			name = Debug;
		};
		A1A58A7C1C08C21600111526 /* Release */ = {
			isa = XCBuildConfiguration;
			buildSettings = {
				ALWAYS_SEARCH_USER_PATHS = NO;
				CLANG_CXX_LANGUAGE_STANDARD = "gnu++0x";
				CLANG_CXX_LIBRARY = "libc++";
				CLANG_ENABLE_MODULES = YES;
				CLANG_ENABLE_OBJC_ARC = YES;
				CLANG_WARN_BOOL_CONVERSION = YES;
				CLANG_WARN_CONSTANT_CONVERSION = YES;
				CLANG_WARN_DIRECT_OBJC_ISA_USAGE = YES_ERROR;
				CLANG_WARN_EMPTY_BODY = YES;
				CLANG_WARN_ENUM_CONVERSION = YES;
				CLANG_WARN_INT_CONVERSION = YES;
				CLANG_WARN_OBJC_ROOT_CLASS = YES_ERROR;
				CLANG_WARN_UNREACHABLE_CODE = YES;
				CLANG_WARN__DUPLICATE_METHOD_MATCH = YES;
				"CODE_SIGN_IDENTITY[sdk=iphoneos*]" = "iPhone Developer";
				COPY_PHASE_STRIP = NO;
				DEBUG_INFORMATION_FORMAT = "dwarf-with-dsym";
				ENABLE_NS_ASSERTIONS = NO;
				ENABLE_STRICT_OBJC_MSGSEND = YES;
				GCC_C_LANGUAGE_STANDARD = gnu99;
				GCC_NO_COMMON_BLOCKS = YES;
				GCC_WARN_64_TO_32_BIT_CONVERSION = YES;
				GCC_WARN_ABOUT_RETURN_TYPE = YES_ERROR;
				GCC_WARN_UNDECLARED_SELECTOR = YES;
				GCC_WARN_UNINITIALIZED_AUTOS = YES_AGGRESSIVE;
				GCC_WARN_UNUSED_FUNCTION = YES;
				GCC_WARN_UNUSED_VARIABLE = YES;
				IPHONEOS_DEPLOYMENT_TARGET = 9.1;
				MTL_ENABLE_DEBUG_INFO = NO;
				SDKROOT = iphoneos;
				VALIDATE_PRODUCT = YES;
			};
			name = Release;
		};
		A1A58A7E1C08C21600111526 /* Debug */ = {
			isa = XCBuildConfiguration;
			buildSettings = {
				ASSETCATALOG_COMPILER_APPICON_NAME = AppIcon;
				INFOPLIST_FILE = MeMe/Info.plist;
				LD_RUNPATH_SEARCH_PATHS = "$(inherited) @executable_path/Frameworks";
				PRODUCT_BUNDLE_IDENTIFIER = self.edu.MeMe;
				PRODUCT_NAME = "$(TARGET_NAME)";
			};
			name = Debug;
		};
		A1A58A7F1C08C21600111526 /* Release */ = {
			isa = XCBuildConfiguration;
			buildSettings = {
				ASSETCATALOG_COMPILER_APPICON_NAME = AppIcon;
				INFOPLIST_FILE = MeMe/Info.plist;
				LD_RUNPATH_SEARCH_PATHS = "$(inherited) @executable_path/Frameworks";
				PRODUCT_BUNDLE_IDENTIFIER = self.edu.MeMe;
				PRODUCT_NAME = "$(TARGET_NAME)";
			};
			name = Release;
		};
/* End XCBuildConfiguration section */

/* Begin XCConfigurationList section */
		A1A58A661C08C21600111526 /* Build configuration list for PBXProject "MeMe" */ = {
			isa = XCConfigurationList;
			buildConfigurations = (
				A1A58A7B1C08C21600111526 /* Debug */,
				A1A58A7C1C08C21600111526 /* Release */,
			);
			defaultConfigurationIsVisible = 0;
			defaultConfigurationName = Release;
		};
		A1A58A7D1C08C21600111526 /* Build configuration list for PBXNativeTarget "MeMe" */ = {
			isa = XCConfigurationList;
			buildConfigurations = (
				A1A58A7E1C08C21600111526 /* Debug */,
				A1A58A7F1C08C21600111526 /* Release */,
			);
			defaultConfigurationIsVisible = 0;
		};
/* End XCConfigurationList section */
	};
	rootObject = A1A58A631C08C21600111526 /* Project object */;
}
